
Microsoft Visual Studio Solution File, Format Version 12.00
# Visual Studio Version 17
VisualStudioVersion = 17.4.33213.308
MinimumVisualStudioVersion = 10.0.40219.1
Project("{9A19103F-16F7-4668-BE54-9A1E7A4F7556}") = "TatBlog.Core", "TatBlog.Core\TatBlog.Core.csproj", "{A897D693-EB4E-4FDB-AB5C-D60A197F9604}"
EndProject
Project("{9A19103F-16F7-4668-BE54-9A1E7A4F7556}") = "TatBlog.Data", "TatBlog.Data\TatBlog.Data.csproj", "{7E1FC4E7-7A1F-47D0-A904-1313E6301F5C}"
EndProject
Project("{9A19103F-16F7-4668-BE54-9A1E7A4F7556}") = "TatBlog.Services", "TatBlog.Services\TatBlog.Services.csproj", "{CD15D7CE-73D5-4B4C-A233-98A05B78139B}"
EndProject
Project("{9A19103F-16F7-4668-BE54-9A1E7A4F7556}") = "TatBlog.WinApp", "TatBlog.WinApp\TatBlog.WinApp.csproj", "{D3F4B5B2-A194-47EA-85FC-63D61C5F1F7A}"
EndProject
Project("{9A19103F-16F7-4668-BE54-9A1E7A4F7556}") = "TatBlog.WebApp", "TatBlog.WebApp\TatBlog.WebApp.csproj", "{D0F0D7A2-B7DD-42C5-A672-72F57465AF43}"
EndProject
Project("{FAE04EC0-301F-11D3-BF4B-00C04F79EFBC}") = "TatBlog.WebApi", "TatBlog.WebApi\TatBlog.WebApi.csproj", "{48088DD5-381F-42BC-BA53-011D69905811}"
EndProject
Global
	GlobalSection(SolutionConfigurationPlatforms) = preSolution
		Debug|Any CPU = Debug|Any CPU
		Release|Any CPU = Release|Any CPU
	EndGlobalSection
	GlobalSection(ProjectConfigurationPlatforms) = postSolution
		{A897D693-EB4E-4FDB-AB5C-D60A197F9604}.Debug|Any CPU.ActiveCfg = Debug|Any CPU
		{A897D693-EB4E-4FDB-AB5C-D60A197F9604}.Debug|Any CPU.Build.0 = Debug|Any CPU
		{A897D693-EB4E-4FDB-AB5C-D60A197F9604}.Release|Any CPU.ActiveCfg = Release|Any CPU
		{A897D693-EB4E-4FDB-AB5C-D60A197F9604}.Release|Any CPU.Build.0 = Release|Any CPU
		{7E1FC4E7-7A1F-47D0-A904-1313E6301F5C}.Debug|Any CPU.ActiveCfg = Debug|Any CPU
		{7E1FC4E7-7A1F-47D0-A904-1313E6301F5C}.Debug|Any CPU.Build.0 = Debug|Any CPU
		{7E1FC4E7-7A1F-47D0-A904-1313E6301F5C}.Release|Any CPU.ActiveCfg = Release|Any CPU
		{7E1FC4E7-7A1F-47D0-A904-1313E6301F5C}.Release|Any CPU.Build.0 = Release|Any CPU
		{CD15D7CE-73D5-4B4C-A233-98A05B78139B}.Debug|Any CPU.ActiveCfg = Debug|Any CPU
		{CD15D7CE-73D5-4B4C-A233-98A05B78139B}.Debug|Any CPU.Build.0 = Debug|Any CPU
		{CD15D7CE-73D5-4B4C-A233-98A05B78139B}.Release|Any CPU.ActiveCfg = Release|Any CPU
		{CD15D7CE-73D5-4B4C-A233-98A05B78139B}.Release|Any CPU.Build.0 = Release|Any CPU
		{D3F4B5B2-A194-47EA-85FC-63D61C5F1F7A}.Debug|Any CPU.ActiveCfg = Debug|Any CPU
		{D3F4B5B2-A194-47EA-85FC-63D61C5F1F7A}.Debug|Any CPU.Build.0 = Debug|Any CPU
		{D3F4B5B2-A194-47EA-85FC-63D61C5F1F7A}.Release|Any CPU.ActiveCfg = Release|Any CPU
		{D3F4B5B2-A194-47EA-85FC-63D61C5F1F7A}.Release|Any CPU.Build.0 = Release|Any CPU
		{D0F0D7A2-B7DD-42C5-A672-72F57465AF43}.Debug|Any CPU.ActiveCfg = Debug|Any CPU
		{D0F0D7A2-B7DD-42C5-A672-72F57465AF43}.Debug|Any CPU.Build.0 = Debug|Any CPU
		{D0F0D7A2-B7DD-42C5-A672-72F57465AF43}.Release|Any CPU.ActiveCfg = Release|Any CPU
		{D0F0D7A2-B7DD-42C5-A672-72F57465AF43}.Release|Any CPU.Build.0 = Release|Any CPU
		{48088DD5-381F-42BC-BA53-011D69905811}.Debug|Any CPU.ActiveCfg = Debug|Any CPU
		{48088DD5-381F-42BC-BA53-011D69905811}.Debug|Any CPU.Build.0 = Debug|Any CPU
		{48088DD5-381F-42BC-BA53-011D69905811}.Release|Any CPU.ActiveCfg = Release|Any CPU
		{48088DD5-381F-42BC-BA53-011D69905811}.Release|Any CPU.Build.0 = Release|Any CPU
	EndGlobalSection
	GlobalSection(SolutionProperties) = preSolution
		HideSolutionNode = FALSE
	EndGlobalSection
	GlobalSection(ExtensibilityGlobals) = postSolution
		SolutionGuid = {BD9DFC88-52D4-4622-945D-0E611FA904D1}
	EndGlobalSection
EndGlobal
